
Microsoft Visual Studio Solution File, Format Version 12.00
# Visual Studio 15
VisualStudioVersion = 15.0.27703.2018
MinimumVisualStudioVersion = 10.0.40219.1
Project("{2150E333-8FDC-42A3-9474-1A3956D46DE8}") = "01 kintamieji", "01 kintamieji", "{DD537008-92A8-445A-A099-2BDA33E2DAD4}"
EndProject
Project("{2150E333-8FDC-42A3-9474-1A3956D46DE8}") = "02 isvedimas", "02 isvedimas", "{1ED783FF-EB33-4253-B65E-1819C0B92CAA}"
EndProject
Project("{2150E333-8FDC-42A3-9474-1A3956D46DE8}") = "03 aritmetiniai veiksmai", "03 aritmetiniai veiksmai", "{258FC7E8-17EB-4BA1-A675-8258029ED76E}"
EndProject
Project("{2150E333-8FDC-42A3-9474-1A3956D46DE8}") = "04 ivedimas", "04 ivedimas", "{5F687BB7-F1B8-4E36-BADF-4815B02691AD}"
EndProject
Project("{FAE04EC0-301F-11D3-BF4B-00C04F79EFBC}") = "01-01 uzduotis", "01-01 uzduotis\01-01 uzduotis.csproj", "{5397A338-8248-4DBC-91E7-83FAFE9A66A1}"
EndProject
Project("{FAE04EC0-301F-11D3-BF4B-00C04F79EFBC}") = "02-00 pavyzdziai", "02-00 pavyzdziai\02-00 pavyzdziai.csproj", "{B024D904-49E5-472F-AFBA-6E7A46F724A6}"
EndProject
Project("{FAE04EC0-301F-11D3-BF4B-00C04F79EFBC}") = "02-01 uzduotis", "02-01 uzduotis\02-01 uzduotis.csproj", "{5CC0F66C-63D8-4D09-91A9-97CAFF22A4BA}"
EndProject
Project("{FAE04EC0-301F-11D3-BF4B-00C04F79EFBC}") = "02-02 uzduotis", "02-02 uzduotis\02-02 uzduotis.csproj", "{07C84EAA-B8BD-4729-9FE8-E1624AFF9C9E}"
EndProject
Project("{FAE04EC0-301F-11D3-BF4B-00C04F79EFBC}") = "02-03 uzduotis", "02-03 uzduotis\02-03 uzduotis.csproj", "{0D7CA202-C6E7-4E23-8C74-0932D788788D}"
EndProject
Project("{FAE04EC0-301F-11D3-BF4B-00C04F79EFBC}") = "02-04 uzduotis", "02-04 uzduotis\02-04 uzduotis.csproj", "{C4D51829-0A10-4307-A0C3-6E77033FB447}"
EndProject
Project("{FAE04EC0-301F-11D3-BF4B-00C04F79EFBC}") = "02-05 uzduotis", "02-05 uzduotis\02-05 uzduotis.csproj", "{AF4623F2-46F5-4095-A8BA-763C66025634}"
EndProject
Project("{FAE04EC0-301F-11D3-BF4B-00C04F79EFBC}") = "02-06 uzduotis", "02-06 uzduotis\02-06 uzduotis.csproj", "{11B26AC4-C494-4A56-A0C1-2184D4CBCA06}"
EndProject
Project("{FAE04EC0-301F-11D3-BF4B-00C04F79EFBC}") = "03-00 pavyzdziai", "03-00 pavyzdziai\03-00 pavyzdziai.csproj", "{5D7035A4-10E3-419D-98F3-A0E5829F6499}"
EndProject
Project("{FAE04EC0-301F-11D3-BF4B-00C04F79EFBC}") = "01-00 pavyzdziai", "01-00 pavyzdziai\01-00 pavyzdziai.csproj", "{9886E431-0469-472E-9363-86C35246259D}"
EndProject
Project("{FAE04EC0-301F-11D3-BF4B-00C04F79EFBC}") = "04-00 pavyzdziai", "04-00 pavyzdziai\04-00 pavyzdziai.csproj", "{84207B01-2D2D-460E-871B-7B694C72F0E9}"
EndProject
Project("{FAE04EC0-301F-11D3-BF4B-00C04F79EFBC}") = "03-01 uzduotis", "03-01 uzduotis\03-01 uzduotis.csproj", "{E5BA7557-98F2-4BB1-9DEA-5D0ABDFDC09A}"
EndProject
Project("{FAE04EC0-301F-11D3-BF4B-00C04F79EFBC}") = "03-02 uzduotis", "03-02 uzduotis\03-02 uzduotis.csproj", "{2C71682C-280D-405A-A529-BF4257603ED2}"
EndProject
Project("{FAE04EC0-301F-11D3-BF4B-00C04F79EFBC}") = "03-03 uzduotis", "03-03 uzduotis\03-03 uzduotis.csproj", "{1F8F916F-BD70-487E-85FE-F4CD84FE7208}"
EndProject
Project("{FAE04EC0-301F-11D3-BF4B-00C04F79EFBC}") = "03-04 uzduotis", "03-04 uzduotis\03-04 uzduotis.csproj", "{66D7D5CB-EE7F-49AB-81B4-82630AE2EB5D}"
EndProject
Project("{FAE04EC0-301F-11D3-BF4B-00C04F79EFBC}") = "03-05 uzduotis", "03-05 uzduotis\03-05 uzduotis.csproj", "{3FDAFDFD-498F-4B07-89BD-3624882B378C}"
EndProject
Project("{FAE04EC0-301F-11D3-BF4B-00C04F79EFBC}") = "03-06 uzduotis", "03-06 uzduotis\03-06 uzduotis.csproj", "{E0649AFA-6A9B-4D64-85BC-2F359D659068}"
EndProject
Project("{FAE04EC0-301F-11D3-BF4B-00C04F79EFBC}") = "04-01 uzduotis", "04-01 uzduotis\04-01 uzduotis.csproj", "{5BC3F7C2-EF2F-4E51-9B3E-437EBF920699}"
EndProject
Project("{FAE04EC0-301F-11D3-BF4B-00C04F79EFBC}") = "04-02 uzduotis", "04-02 uzduotis\04-02 uzduotis.csproj", "{4E26AA97-C9D1-4C9D-A551-7D1496087429}"
EndProject
Project("{FAE04EC0-301F-11D3-BF4B-00C04F79EFBC}") = "04-03 uzduotis", "04-03 uzduotis\04-03 uzduotis.csproj", "{ED0DF8AD-94D7-4835-96AA-85622E220BED}"
EndProject
Project("{FAE04EC0-301F-11D3-BF4B-00C04F79EFBC}") = "04-04 uzduotis", "04-04 uzduotis\04-04 uzduotis.csproj", "{AD244D78-6C84-4C38-A684-762A989B4A29}"
EndProject
Project("{FAE04EC0-301F-11D3-BF4B-00C04F79EFBC}") = "04-05 uzduotis", "04-05 uzduotis\04-05 uzduotis.csproj", "{58CFED3C-7565-4222-9E08-5C8B2AC02534}"
EndProject
Project("{FAE04EC0-301F-11D3-BF4B-00C04F79EFBC}") = "04-06 uzduotis", "04-06 uzduotis\04-06 uzduotis.csproj", "{3F59DEB1-E5B6-4480-807C-9422913339B9}"
EndProject
Project("{2150E333-8FDC-42A3-9474-1A3956D46DE8}") = "05 if salyga", "05 if salyga", "{29CF7F29-D42D-4444-B90A-71E1A8832C45}"
EndProject
Project("{FAE04EC0-301F-11D3-BF4B-00C04F79EFBC}") = "05-01 uzduotis", "05-01 uzduotis\05-01 uzduotis.csproj", "{74A8FFDA-DCA1-4348-99B9-16967A23721D}"
EndProject
Project("{FAE04EC0-301F-11D3-BF4B-00C04F79EFBC}") = "04-07 uzduotis", "04-07 uzduotis\04-07 uzduotis.csproj", "{F6A3227B-98D3-4443-967F-69B43BD325C8}"
EndProject
Project("{FAE04EC0-301F-11D3-BF4B-00C04F79EFBC}") = "04-08 uzduotis", "04-08 uzduotis\04-08 uzduotis.csproj", "{D3EB3293-B086-4CE2-A591-01F70FCCD117}"
EndProject
Project("{FAE04EC0-301F-11D3-BF4B-00C04F79EFBC}") = "05-02 uzduotis", "05-02 uzduotis\05-02 uzduotis.csproj", "{E0C60CD6-EC62-48FB-B293-905BB83AFDFD}"
EndProject
Project("{FAE04EC0-301F-11D3-BF4B-00C04F79EFBC}") = "05-03 uzduotis", "05-03 uzduotis\05-03 uzduotis.csproj", "{FA67823E-74D3-4BB0-8409-563E5F493396}"
EndProject
Project("{FAE04EC0-301F-11D3-BF4B-00C04F79EFBC}") = "05-04 uzduotis", "05-04 uzduotis\05-04 uzduotis.csproj", "{9440A7AA-6D8D-4870-BC81-3344F412B53B}"
EndProject
Project("{FAE04EC0-301F-11D3-BF4B-00C04F79EFBC}") = "05-05 uzduotis", "05-05 uzduotis\05-05 uzduotis.csproj", "{60420DF5-1A59-41F7-9B2C-DF92141219B9}"
EndProject
Project("{2150E333-8FDC-42A3-9474-1A3956D46DE8}") = "06 else if", "06 else if", "{50A9EAD1-2E3C-43BD-A263-78AE608D96D5}"
EndProject
Project("{FAE04EC0-301F-11D3-BF4B-00C04F79EFBC}") = "06-01 uzduotis", "06-01 uzduotis\06-01 uzduotis.csproj", "{4709590C-A52A-402D-8A8B-639B2B7D255A}"
EndProject
Project("{FAE04EC0-301F-11D3-BF4B-00C04F79EFBC}") = "06-02 uzduotis", "06-02 uzduotis\06-02 uzduotis.csproj", "{4F6F5079-4979-4E29-8DF7-CE42CBB3967F}"
EndProject
Project("{FAE04EC0-301F-11D3-BF4B-00C04F79EFBC}") = "06-03 uzduotis", "06-03 uzduotis\06-03 uzduotis.csproj", "{8925E84A-1355-43C2-B030-98356CDEFB86}"
EndProject
Project("{FAE04EC0-301F-11D3-BF4B-00C04F79EFBC}") = "06-04 uzduotis", "06-04 uzduotis\06-04 uzduotis.csproj", "{D7BA46DA-4B95-4608-ABB7-28100EBCFDAD}"
EndProject
Project("{2150E333-8FDC-42A3-9474-1A3956D46DE8}") = "07 else", "07 else", "{633890D1-78CB-4834-8EC7-54D650DB1423}"
EndProject
Project("{FAE04EC0-301F-11D3-BF4B-00C04F79EFBC}") = "07-01 uzduotis", "07-01 uzduotis\07-01 uzduotis.csproj", "{628F03CB-758C-4005-B89F-DE609F81E59C}"
EndProject
Project("{FAE04EC0-301F-11D3-BF4B-00C04F79EFBC}") = "07-02 uzduotis", "07-02 uzduotis\07-02 uzduotis.csproj", "{35BBE26A-AA16-4599-8BF1-04BF0307B374}"
EndProject
Project("{2150E333-8FDC-42A3-9474-1A3956D46DE8}") = "08 patikrinimo operatoriai", "08 patikrinimo operatoriai", "{213C900D-F454-4F56-ACBD-B9BEE5154A91}"
EndProject
Project("{FAE04EC0-301F-11D3-BF4B-00C04F79EFBC}") = "08-01 uzduotis", "08-01 uzduotis\08-01 uzduotis.csproj", "{71FCDB4F-C2ED-45F8-B813-21CA216DF28F}"
EndProject
Project("{FAE04EC0-301F-11D3-BF4B-00C04F79EFBC}") = "08-02 uzduotis", "08-02 uzduotis\08-02 uzduotis.csproj", "{56A4E057-D9F8-49B1-9918-FD16FD02FE12}"
EndProject
Project("{FAE04EC0-301F-11D3-BF4B-00C04F79EFBC}") = "08-03 uzduotis", "08-03 uzduotis\08-03 uzduotis.csproj", "{31F5EA4E-3D6E-453B-BA65-27A1D5986327}"
EndProject
Project("{FAE04EC0-301F-11D3-BF4B-00C04F79EFBC}") = "08-04 uzduotis", "08-04 uzduotis\08-04 uzduotis.csproj", "{71DE5B38-DBED-425A-9478-46C191C59AF0}"
EndProject
Project("{2150E333-8FDC-42A3-9474-1A3956D46DE8}") = "09 switch salyga", "09 switch salyga", "{4A55A70C-5423-4151-B8BD-22674A5A0424}"
EndProject
Project("{FAE04EC0-301F-11D3-BF4B-00C04F79EFBC}") = "09-01 uzduotis", "09-01 uzduotis\09-01 uzduotis.csproj", "{C745E827-2C88-44B7-9DBC-9B3478258725}"
EndProject
Project("{FAE04EC0-301F-11D3-BF4B-00C04F79EFBC}") = "09-02 uzduotis", "09-02 uzduotis\09-02 uzduotis.csproj", "{FBB5ED15-7E6B-4C01-B92F-909FD1F91A89}"
EndProject
Project("{FAE04EC0-301F-11D3-BF4B-00C04F79EFBC}") = "09-03 uzduotis", "09-03 uzduotis\09-03 uzduotis.csproj", "{8C2885AB-F7CF-4FF0-B551-6970099EB34D}"
EndProject
Project("{FAE04EC0-301F-11D3-BF4B-00C04F79EFBC}") = "09-04 uzduotis", "09-04 uzduotis\09-04 uzduotis.csproj", "{E0E5D662-65B5-4EAC-84FC-D6B9422A20D7}"
EndProject
Project("{2150E333-8FDC-42A3-9474-1A3956D46DE8}") = "10 tarpine uzduotis", "10 tarpine uzduotis", "{80B88424-2406-4A45-8A35-0F3F28A98746}"
EndProject
Project("{2150E333-8FDC-42A3-9474-1A3956D46DE8}") = "11 for ciklas", "11 for ciklas", "{D3FF088A-519F-46F8-ADDE-7D595D9228C1}"
EndProject
Project("{FAE04EC0-301F-11D3-BF4B-00C04F79EFBC}") = "11-00 pavyzdziai", "11-00 pavyzdziai\11-00 pavyzdziai.csproj", "{5F8D4128-5B8E-43A9-9A93-9ADB68526FE5}"
EndProject
Project("{FAE04EC0-301F-11D3-BF4B-00C04F79EFBC}") = "10-01 tarpine uzduotis", "10-01 tarpine uzduotis\10-01 tarpine uzduotis.csproj", "{1E90F461-0695-47EC-B726-72AD9155997E}"
EndProject
Project("{FAE04EC0-301F-11D3-BF4B-00C04F79EFBC}") = "11-01 uzduotis", "11-01 uzduotis\11-01 uzduotis.csproj", "{FCD40E43-78CB-4258-A426-420CD21A075B}"
EndProject
Project("{FAE04EC0-301F-11D3-BF4B-00C04F79EFBC}") = "11-02 uzduotis", "11-02 uzduotis\11-02 uzduotis.csproj", "{D4A4BB89-0DC6-4B69-808D-411F672399C2}"
EndProject
Project("{FAE04EC0-301F-11D3-BF4B-00C04F79EFBC}") = "11-03 uzduotis", "11-03 uzduotis\11-03 uzduotis.csproj", "{08E22A6E-503B-4E04-B374-EE6C89FAE4BF}"
EndProject
Project("{FAE04EC0-301F-11D3-BF4B-00C04F79EFBC}") = "11-04 uzduotis", "11-04 uzduotis\11-04 uzduotis.csproj", "{06498996-971E-469F-AA9E-6B18382AFBF9}"
EndProject
Project("{FAE04EC0-301F-11D3-BF4B-00C04F79EFBC}") = "11-05 uzduotis", "11-05 uzduotis\11-05 uzduotis.csproj", "{90F67404-517E-48DD-9518-52D86E19ED4C}"
EndProject
Project("{FAE04EC0-301F-11D3-BF4B-00C04F79EFBC}") = "11-06 uzduotis", "11-06 uzduotis\11-06 uzduotis.csproj", "{8431A78F-9FE8-46E4-AB53-66CCD173ED86}"
EndProject
Global
	GlobalSection(SolutionConfigurationPlatforms) = preSolution
		Debug|Any CPU = Debug|Any CPU
		Release|Any CPU = Release|Any CPU
	EndGlobalSection
	GlobalSection(ProjectConfigurationPlatforms) = postSolution
		{5397A338-8248-4DBC-91E7-83FAFE9A66A1}.Debug|Any CPU.ActiveCfg = Debug|Any CPU
		{5397A338-8248-4DBC-91E7-83FAFE9A66A1}.Debug|Any CPU.Build.0 = Debug|Any CPU
		{5397A338-8248-4DBC-91E7-83FAFE9A66A1}.Release|Any CPU.ActiveCfg = Release|Any CPU
		{5397A338-8248-4DBC-91E7-83FAFE9A66A1}.Release|Any CPU.Build.0 = Release|Any CPU
		{B024D904-49E5-472F-AFBA-6E7A46F724A6}.Debug|Any CPU.ActiveCfg = Debug|Any CPU
		{B024D904-49E5-472F-AFBA-6E7A46F724A6}.Debug|Any CPU.Build.0 = Debug|Any CPU
		{B024D904-49E5-472F-AFBA-6E7A46F724A6}.Release|Any CPU.ActiveCfg = Release|Any CPU
		{B024D904-49E5-472F-AFBA-6E7A46F724A6}.Release|Any CPU.Build.0 = Release|Any CPU
		{5CC0F66C-63D8-4D09-91A9-97CAFF22A4BA}.Debug|Any CPU.ActiveCfg = Debug|Any CPU
		{5CC0F66C-63D8-4D09-91A9-97CAFF22A4BA}.Debug|Any CPU.Build.0 = Debug|Any CPU
		{5CC0F66C-63D8-4D09-91A9-97CAFF22A4BA}.Release|Any CPU.ActiveCfg = Release|Any CPU
		{5CC0F66C-63D8-4D09-91A9-97CAFF22A4BA}.Release|Any CPU.Build.0 = Release|Any CPU
		{07C84EAA-B8BD-4729-9FE8-E1624AFF9C9E}.Debug|Any CPU.ActiveCfg = Debug|Any CPU
		{07C84EAA-B8BD-4729-9FE8-E1624AFF9C9E}.Debug|Any CPU.Build.0 = Debug|Any CPU
		{07C84EAA-B8BD-4729-9FE8-E1624AFF9C9E}.Release|Any CPU.ActiveCfg = Release|Any CPU
		{07C84EAA-B8BD-4729-9FE8-E1624AFF9C9E}.Release|Any CPU.Build.0 = Release|Any CPU
		{0D7CA202-C6E7-4E23-8C74-0932D788788D}.Debug|Any CPU.ActiveCfg = Debug|Any CPU
		{0D7CA202-C6E7-4E23-8C74-0932D788788D}.Debug|Any CPU.Build.0 = Debug|Any CPU
		{0D7CA202-C6E7-4E23-8C74-0932D788788D}.Release|Any CPU.ActiveCfg = Release|Any CPU
		{0D7CA202-C6E7-4E23-8C74-0932D788788D}.Release|Any CPU.Build.0 = Release|Any CPU
		{C4D51829-0A10-4307-A0C3-6E77033FB447}.Debug|Any CPU.ActiveCfg = Debug|Any CPU
		{C4D51829-0A10-4307-A0C3-6E77033FB447}.Debug|Any CPU.Build.0 = Debug|Any CPU
		{C4D51829-0A10-4307-A0C3-6E77033FB447}.Release|Any CPU.ActiveCfg = Release|Any CPU
		{C4D51829-0A10-4307-A0C3-6E77033FB447}.Release|Any CPU.Build.0 = Release|Any CPU
		{AF4623F2-46F5-4095-A8BA-763C66025634}.Debug|Any CPU.ActiveCfg = Debug|Any CPU
		{AF4623F2-46F5-4095-A8BA-763C66025634}.Debug|Any CPU.Build.0 = Debug|Any CPU
		{AF4623F2-46F5-4095-A8BA-763C66025634}.Release|Any CPU.ActiveCfg = Release|Any CPU
		{AF4623F2-46F5-4095-A8BA-763C66025634}.Release|Any CPU.Build.0 = Release|Any CPU
		{11B26AC4-C494-4A56-A0C1-2184D4CBCA06}.Debug|Any CPU.ActiveCfg = Debug|Any CPU
		{11B26AC4-C494-4A56-A0C1-2184D4CBCA06}.Debug|Any CPU.Build.0 = Debug|Any CPU
		{11B26AC4-C494-4A56-A0C1-2184D4CBCA06}.Release|Any CPU.ActiveCfg = Release|Any CPU
		{11B26AC4-C494-4A56-A0C1-2184D4CBCA06}.Release|Any CPU.Build.0 = Release|Any CPU
		{5D7035A4-10E3-419D-98F3-A0E5829F6499}.Debug|Any CPU.ActiveCfg = Debug|Any CPU
		{5D7035A4-10E3-419D-98F3-A0E5829F6499}.Debug|Any CPU.Build.0 = Debug|Any CPU
		{5D7035A4-10E3-419D-98F3-A0E5829F6499}.Release|Any CPU.ActiveCfg = Release|Any CPU
		{5D7035A4-10E3-419D-98F3-A0E5829F6499}.Release|Any CPU.Build.0 = Release|Any CPU
		{9886E431-0469-472E-9363-86C35246259D}.Debug|Any CPU.ActiveCfg = Debug|Any CPU
		{9886E431-0469-472E-9363-86C35246259D}.Debug|Any CPU.Build.0 = Debug|Any CPU
		{9886E431-0469-472E-9363-86C35246259D}.Release|Any CPU.ActiveCfg = Release|Any CPU
		{9886E431-0469-472E-9363-86C35246259D}.Release|Any CPU.Build.0 = Release|Any CPU
		{84207B01-2D2D-460E-871B-7B694C72F0E9}.Debug|Any CPU.ActiveCfg = Debug|Any CPU
		{84207B01-2D2D-460E-871B-7B694C72F0E9}.Debug|Any CPU.Build.0 = Debug|Any CPU
		{84207B01-2D2D-460E-871B-7B694C72F0E9}.Release|Any CPU.ActiveCfg = Release|Any CPU
		{84207B01-2D2D-460E-871B-7B694C72F0E9}.Release|Any CPU.Build.0 = Release|Any CPU
		{E5BA7557-98F2-4BB1-9DEA-5D0ABDFDC09A}.Debug|Any CPU.ActiveCfg = Debug|Any CPU
		{E5BA7557-98F2-4BB1-9DEA-5D0ABDFDC09A}.Debug|Any CPU.Build.0 = Debug|Any CPU
		{E5BA7557-98F2-4BB1-9DEA-5D0ABDFDC09A}.Release|Any CPU.ActiveCfg = Release|Any CPU
		{E5BA7557-98F2-4BB1-9DEA-5D0ABDFDC09A}.Release|Any CPU.Build.0 = Release|Any CPU
		{2C71682C-280D-405A-A529-BF4257603ED2}.Debug|Any CPU.ActiveCfg = Debug|Any CPU
		{2C71682C-280D-405A-A529-BF4257603ED2}.Debug|Any CPU.Build.0 = Debug|Any CPU
		{2C71682C-280D-405A-A529-BF4257603ED2}.Release|Any CPU.ActiveCfg = Release|Any CPU
		{2C71682C-280D-405A-A529-BF4257603ED2}.Release|Any CPU.Build.0 = Release|Any CPU
		{1F8F916F-BD70-487E-85FE-F4CD84FE7208}.Debug|Any CPU.ActiveCfg = Debug|Any CPU
		{1F8F916F-BD70-487E-85FE-F4CD84FE7208}.Debug|Any CPU.Build.0 = Debug|Any CPU
		{1F8F916F-BD70-487E-85FE-F4CD84FE7208}.Release|Any CPU.ActiveCfg = Release|Any CPU
		{1F8F916F-BD70-487E-85FE-F4CD84FE7208}.Release|Any CPU.Build.0 = Release|Any CPU
		{66D7D5CB-EE7F-49AB-81B4-82630AE2EB5D}.Debug|Any CPU.ActiveCfg = Debug|Any CPU
		{66D7D5CB-EE7F-49AB-81B4-82630AE2EB5D}.Debug|Any CPU.Build.0 = Debug|Any CPU
		{66D7D5CB-EE7F-49AB-81B4-82630AE2EB5D}.Release|Any CPU.ActiveCfg = Release|Any CPU
		{66D7D5CB-EE7F-49AB-81B4-82630AE2EB5D}.Release|Any CPU.Build.0 = Release|Any CPU
		{3FDAFDFD-498F-4B07-89BD-3624882B378C}.Debug|Any CPU.ActiveCfg = Debug|Any CPU
		{3FDAFDFD-498F-4B07-89BD-3624882B378C}.Debug|Any CPU.Build.0 = Debug|Any CPU
		{3FDAFDFD-498F-4B07-89BD-3624882B378C}.Release|Any CPU.ActiveCfg = Release|Any CPU
		{3FDAFDFD-498F-4B07-89BD-3624882B378C}.Release|Any CPU.Build.0 = Release|Any CPU
		{E0649AFA-6A9B-4D64-85BC-2F359D659068}.Debug|Any CPU.ActiveCfg = Debug|Any CPU
		{E0649AFA-6A9B-4D64-85BC-2F359D659068}.Debug|Any CPU.Build.0 = Debug|Any CPU
		{E0649AFA-6A9B-4D64-85BC-2F359D659068}.Release|Any CPU.ActiveCfg = Release|Any CPU
		{E0649AFA-6A9B-4D64-85BC-2F359D659068}.Release|Any CPU.Build.0 = Release|Any CPU
		{5BC3F7C2-EF2F-4E51-9B3E-437EBF920699}.Debug|Any CPU.ActiveCfg = Debug|Any CPU
		{5BC3F7C2-EF2F-4E51-9B3E-437EBF920699}.Debug|Any CPU.Build.0 = Debug|Any CPU
		{5BC3F7C2-EF2F-4E51-9B3E-437EBF920699}.Release|Any CPU.ActiveCfg = Release|Any CPU
		{5BC3F7C2-EF2F-4E51-9B3E-437EBF920699}.Release|Any CPU.Build.0 = Release|Any CPU
		{4E26AA97-C9D1-4C9D-A551-7D1496087429}.Debug|Any CPU.ActiveCfg = Debug|Any CPU
		{4E26AA97-C9D1-4C9D-A551-7D1496087429}.Debug|Any CPU.Build.0 = Debug|Any CPU
		{4E26AA97-C9D1-4C9D-A551-7D1496087429}.Release|Any CPU.ActiveCfg = Release|Any CPU
		{4E26AA97-C9D1-4C9D-A551-7D1496087429}.Release|Any CPU.Build.0 = Release|Any CPU
		{ED0DF8AD-94D7-4835-96AA-85622E220BED}.Debug|Any CPU.ActiveCfg = Debug|Any CPU
		{ED0DF8AD-94D7-4835-96AA-85622E220BED}.Debug|Any CPU.Build.0 = Debug|Any CPU
		{ED0DF8AD-94D7-4835-96AA-85622E220BED}.Release|Any CPU.ActiveCfg = Release|Any CPU
		{ED0DF8AD-94D7-4835-96AA-85622E220BED}.Release|Any CPU.Build.0 = Release|Any CPU
		{AD244D78-6C84-4C38-A684-762A989B4A29}.Debug|Any CPU.ActiveCfg = Debug|Any CPU
		{AD244D78-6C84-4C38-A684-762A989B4A29}.Debug|Any CPU.Build.0 = Debug|Any CPU
		{AD244D78-6C84-4C38-A684-762A989B4A29}.Release|Any CPU.ActiveCfg = Release|Any CPU
		{AD244D78-6C84-4C38-A684-762A989B4A29}.Release|Any CPU.Build.0 = Release|Any CPU
		{58CFED3C-7565-4222-9E08-5C8B2AC02534}.Debug|Any CPU.ActiveCfg = Debug|Any CPU
		{58CFED3C-7565-4222-9E08-5C8B2AC02534}.Debug|Any CPU.Build.0 = Debug|Any CPU
		{58CFED3C-7565-4222-9E08-5C8B2AC02534}.Release|Any CPU.ActiveCfg = Release|Any CPU
		{58CFED3C-7565-4222-9E08-5C8B2AC02534}.Release|Any CPU.Build.0 = Release|Any CPU
		{3F59DEB1-E5B6-4480-807C-9422913339B9}.Debug|Any CPU.ActiveCfg = Debug|Any CPU
		{3F59DEB1-E5B6-4480-807C-9422913339B9}.Debug|Any CPU.Build.0 = Debug|Any CPU
		{3F59DEB1-E5B6-4480-807C-9422913339B9}.Release|Any CPU.ActiveCfg = Release|Any CPU
		{3F59DEB1-E5B6-4480-807C-9422913339B9}.Release|Any CPU.Build.0 = Release|Any CPU
		{74A8FFDA-DCA1-4348-99B9-16967A23721D}.Debug|Any CPU.ActiveCfg = Debug|Any CPU
		{74A8FFDA-DCA1-4348-99B9-16967A23721D}.Debug|Any CPU.Build.0 = Debug|Any CPU
		{74A8FFDA-DCA1-4348-99B9-16967A23721D}.Release|Any CPU.ActiveCfg = Release|Any CPU
		{74A8FFDA-DCA1-4348-99B9-16967A23721D}.Release|Any CPU.Build.0 = Release|Any CPU
		{F6A3227B-98D3-4443-967F-69B43BD325C8}.Debug|Any CPU.ActiveCfg = Debug|Any CPU
		{F6A3227B-98D3-4443-967F-69B43BD325C8}.Debug|Any CPU.Build.0 = Debug|Any CPU
		{F6A3227B-98D3-4443-967F-69B43BD325C8}.Release|Any CPU.ActiveCfg = Release|Any CPU
		{F6A3227B-98D3-4443-967F-69B43BD325C8}.Release|Any CPU.Build.0 = Release|Any CPU
		{D3EB3293-B086-4CE2-A591-01F70FCCD117}.Debug|Any CPU.ActiveCfg = Debug|Any CPU
		{D3EB3293-B086-4CE2-A591-01F70FCCD117}.Debug|Any CPU.Build.0 = Debug|Any CPU
		{D3EB3293-B086-4CE2-A591-01F70FCCD117}.Release|Any CPU.ActiveCfg = Release|Any CPU
		{D3EB3293-B086-4CE2-A591-01F70FCCD117}.Release|Any CPU.Build.0 = Release|Any CPU
		{E0C60CD6-EC62-48FB-B293-905BB83AFDFD}.Debug|Any CPU.ActiveCfg = Debug|Any CPU
		{E0C60CD6-EC62-48FB-B293-905BB83AFDFD}.Debug|Any CPU.Build.0 = Debug|Any CPU
		{E0C60CD6-EC62-48FB-B293-905BB83AFDFD}.Release|Any CPU.ActiveCfg = Release|Any CPU
		{E0C60CD6-EC62-48FB-B293-905BB83AFDFD}.Release|Any CPU.Build.0 = Release|Any CPU
		{FA67823E-74D3-4BB0-8409-563E5F493396}.Debug|Any CPU.ActiveCfg = Debug|Any CPU
		{FA67823E-74D3-4BB0-8409-563E5F493396}.Debug|Any CPU.Build.0 = Debug|Any CPU
		{FA67823E-74D3-4BB0-8409-563E5F493396}.Release|Any CPU.ActiveCfg = Release|Any CPU
		{FA67823E-74D3-4BB0-8409-563E5F493396}.Release|Any CPU.Build.0 = Release|Any CPU
		{9440A7AA-6D8D-4870-BC81-3344F412B53B}.Debug|Any CPU.ActiveCfg = Debug|Any CPU
		{9440A7AA-6D8D-4870-BC81-3344F412B53B}.Debug|Any CPU.Build.0 = Debug|Any CPU
		{9440A7AA-6D8D-4870-BC81-3344F412B53B}.Release|Any CPU.ActiveCfg = Release|Any CPU
		{9440A7AA-6D8D-4870-BC81-3344F412B53B}.Release|Any CPU.Build.0 = Release|Any CPU
		{60420DF5-1A59-41F7-9B2C-DF92141219B9}.Debug|Any CPU.ActiveCfg = Debug|Any CPU
		{60420DF5-1A59-41F7-9B2C-DF92141219B9}.Debug|Any CPU.Build.0 = Debug|Any CPU
		{60420DF5-1A59-41F7-9B2C-DF92141219B9}.Release|Any CPU.ActiveCfg = Release|Any CPU
		{60420DF5-1A59-41F7-9B2C-DF92141219B9}.Release|Any CPU.Build.0 = Release|Any CPU
		{4709590C-A52A-402D-8A8B-639B2B7D255A}.Debug|Any CPU.ActiveCfg = Debug|Any CPU
		{4709590C-A52A-402D-8A8B-639B2B7D255A}.Debug|Any CPU.Build.0 = Debug|Any CPU
		{4709590C-A52A-402D-8A8B-639B2B7D255A}.Release|Any CPU.ActiveCfg = Release|Any CPU
		{4709590C-A52A-402D-8A8B-639B2B7D255A}.Release|Any CPU.Build.0 = Release|Any CPU
		{4F6F5079-4979-4E29-8DF7-CE42CBB3967F}.Debug|Any CPU.ActiveCfg = Debug|Any CPU
		{4F6F5079-4979-4E29-8DF7-CE42CBB3967F}.Debug|Any CPU.Build.0 = Debug|Any CPU
		{4F6F5079-4979-4E29-8DF7-CE42CBB3967F}.Release|Any CPU.ActiveCfg = Release|Any CPU
		{4F6F5079-4979-4E29-8DF7-CE42CBB3967F}.Release|Any CPU.Build.0 = Release|Any CPU
		{8925E84A-1355-43C2-B030-98356CDEFB86}.Debug|Any CPU.ActiveCfg = Debug|Any CPU
		{8925E84A-1355-43C2-B030-98356CDEFB86}.Debug|Any CPU.Build.0 = Debug|Any CPU
		{8925E84A-1355-43C2-B030-98356CDEFB86}.Release|Any CPU.ActiveCfg = Release|Any CPU
		{8925E84A-1355-43C2-B030-98356CDEFB86}.Release|Any CPU.Build.0 = Release|Any CPU
		{D7BA46DA-4B95-4608-ABB7-28100EBCFDAD}.Debug|Any CPU.ActiveCfg = Debug|Any CPU
		{D7BA46DA-4B95-4608-ABB7-28100EBCFDAD}.Debug|Any CPU.Build.0 = Debug|Any CPU
		{D7BA46DA-4B95-4608-ABB7-28100EBCFDAD}.Release|Any CPU.ActiveCfg = Release|Any CPU
		{D7BA46DA-4B95-4608-ABB7-28100EBCFDAD}.Release|Any CPU.Build.0 = Release|Any CPU
		{628F03CB-758C-4005-B89F-DE609F81E59C}.Debug|Any CPU.ActiveCfg = Debug|Any CPU
		{628F03CB-758C-4005-B89F-DE609F81E59C}.Debug|Any CPU.Build.0 = Debug|Any CPU
		{628F03CB-758C-4005-B89F-DE609F81E59C}.Release|Any CPU.ActiveCfg = Release|Any CPU
		{628F03CB-758C-4005-B89F-DE609F81E59C}.Release|Any CPU.Build.0 = Release|Any CPU
		{35BBE26A-AA16-4599-8BF1-04BF0307B374}.Debug|Any CPU.ActiveCfg = Debug|Any CPU
		{35BBE26A-AA16-4599-8BF1-04BF0307B374}.Debug|Any CPU.Build.0 = Debug|Any CPU
		{35BBE26A-AA16-4599-8BF1-04BF0307B374}.Release|Any CPU.ActiveCfg = Release|Any CPU
		{35BBE26A-AA16-4599-8BF1-04BF0307B374}.Release|Any CPU.Build.0 = Release|Any CPU
		{71FCDB4F-C2ED-45F8-B813-21CA216DF28F}.Debug|Any CPU.ActiveCfg = Debug|Any CPU
		{71FCDB4F-C2ED-45F8-B813-21CA216DF28F}.Debug|Any CPU.Build.0 = Debug|Any CPU
		{71FCDB4F-C2ED-45F8-B813-21CA216DF28F}.Release|Any CPU.ActiveCfg = Release|Any CPU
		{71FCDB4F-C2ED-45F8-B813-21CA216DF28F}.Release|Any CPU.Build.0 = Release|Any CPU
		{56A4E057-D9F8-49B1-9918-FD16FD02FE12}.Debug|Any CPU.ActiveCfg = Debug|Any CPU
		{56A4E057-D9F8-49B1-9918-FD16FD02FE12}.Debug|Any CPU.Build.0 = Debug|Any CPU
		{56A4E057-D9F8-49B1-9918-FD16FD02FE12}.Release|Any CPU.ActiveCfg = Release|Any CPU
		{56A4E057-D9F8-49B1-9918-FD16FD02FE12}.Release|Any CPU.Build.0 = Release|Any CPU
		{31F5EA4E-3D6E-453B-BA65-27A1D5986327}.Debug|Any CPU.ActiveCfg = Debug|Any CPU
		{31F5EA4E-3D6E-453B-BA65-27A1D5986327}.Debug|Any CPU.Build.0 = Debug|Any CPU
		{31F5EA4E-3D6E-453B-BA65-27A1D5986327}.Release|Any CPU.ActiveCfg = Release|Any CPU
		{31F5EA4E-3D6E-453B-BA65-27A1D5986327}.Release|Any CPU.Build.0 = Release|Any CPU
		{71DE5B38-DBED-425A-9478-46C191C59AF0}.Debug|Any CPU.ActiveCfg = Debug|Any CPU
		{71DE5B38-DBED-425A-9478-46C191C59AF0}.Debug|Any CPU.Build.0 = Debug|Any CPU
		{71DE5B38-DBED-425A-9478-46C191C59AF0}.Release|Any CPU.ActiveCfg = Release|Any CPU
		{71DE5B38-DBED-425A-9478-46C191C59AF0}.Release|Any CPU.Build.0 = Release|Any CPU
		{C745E827-2C88-44B7-9DBC-9B3478258725}.Debug|Any CPU.ActiveCfg = Debug|Any CPU
		{C745E827-2C88-44B7-9DBC-9B3478258725}.Debug|Any CPU.Build.0 = Debug|Any CPU
		{C745E827-2C88-44B7-9DBC-9B3478258725}.Release|Any CPU.ActiveCfg = Release|Any CPU
		{C745E827-2C88-44B7-9DBC-9B3478258725}.Release|Any CPU.Build.0 = Release|Any CPU
		{FBB5ED15-7E6B-4C01-B92F-909FD1F91A89}.Debug|Any CPU.ActiveCfg = Debug|Any CPU
		{FBB5ED15-7E6B-4C01-B92F-909FD1F91A89}.Debug|Any CPU.Build.0 = Debug|Any CPU
		{FBB5ED15-7E6B-4C01-B92F-909FD1F91A89}.Release|Any CPU.ActiveCfg = Release|Any CPU
		{FBB5ED15-7E6B-4C01-B92F-909FD1F91A89}.Release|Any CPU.Build.0 = Release|Any CPU
		{8C2885AB-F7CF-4FF0-B551-6970099EB34D}.Debug|Any CPU.ActiveCfg = Debug|Any CPU
		{8C2885AB-F7CF-4FF0-B551-6970099EB34D}.Debug|Any CPU.Build.0 = Debug|Any CPU
		{8C2885AB-F7CF-4FF0-B551-6970099EB34D}.Release|Any CPU.ActiveCfg = Release|Any CPU
		{8C2885AB-F7CF-4FF0-B551-6970099EB34D}.Release|Any CPU.Build.0 = Release|Any CPU
		{E0E5D662-65B5-4EAC-84FC-D6B9422A20D7}.Debug|Any CPU.ActiveCfg = Debug|Any CPU
		{E0E5D662-65B5-4EAC-84FC-D6B9422A20D7}.Debug|Any CPU.Build.0 = Debug|Any CPU
		{E0E5D662-65B5-4EAC-84FC-D6B9422A20D7}.Release|Any CPU.ActiveCfg = Release|Any CPU
		{E0E5D662-65B5-4EAC-84FC-D6B9422A20D7}.Release|Any CPU.Build.0 = Release|Any CPU
		{5F8D4128-5B8E-43A9-9A93-9ADB68526FE5}.Debug|Any CPU.ActiveCfg = Debug|Any CPU
		{5F8D4128-5B8E-43A9-9A93-9ADB68526FE5}.Debug|Any CPU.Build.0 = Debug|Any CPU
		{5F8D4128-5B8E-43A9-9A93-9ADB68526FE5}.Release|Any CPU.ActiveCfg = Release|Any CPU
		{5F8D4128-5B8E-43A9-9A93-9ADB68526FE5}.Release|Any CPU.Build.0 = Release|Any CPU
		{1E90F461-0695-47EC-B726-72AD9155997E}.Debug|Any CPU.ActiveCfg = Debug|Any CPU
		{1E90F461-0695-47EC-B726-72AD9155997E}.Debug|Any CPU.Build.0 = Debug|Any CPU
		{1E90F461-0695-47EC-B726-72AD9155997E}.Release|Any CPU.ActiveCfg = Release|Any CPU
		{1E90F461-0695-47EC-B726-72AD9155997E}.Release|Any CPU.Build.0 = Release|Any CPU
		{FCD40E43-78CB-4258-A426-420CD21A075B}.Debug|Any CPU.ActiveCfg = Debug|Any CPU
		{FCD40E43-78CB-4258-A426-420CD21A075B}.Debug|Any CPU.Build.0 = Debug|Any CPU
		{FCD40E43-78CB-4258-A426-420CD21A075B}.Release|Any CPU.ActiveCfg = Release|Any CPU
		{FCD40E43-78CB-4258-A426-420CD21A075B}.Release|Any CPU.Build.0 = Release|Any CPU
		{D4A4BB89-0DC6-4B69-808D-411F672399C2}.Debug|Any CPU.ActiveCfg = Debug|Any CPU
		{D4A4BB89-0DC6-4B69-808D-411F672399C2}.Debug|Any CPU.Build.0 = Debug|Any CPU
		{D4A4BB89-0DC6-4B69-808D-411F672399C2}.Release|Any CPU.ActiveCfg = Release|Any CPU
		{D4A4BB89-0DC6-4B69-808D-411F672399C2}.Release|Any CPU.Build.0 = Release|Any CPU
		{08E22A6E-503B-4E04-B374-EE6C89FAE4BF}.Debug|Any CPU.ActiveCfg = Debug|Any CPU
		{08E22A6E-503B-4E04-B374-EE6C89FAE4BF}.Debug|Any CPU.Build.0 = Debug|Any CPU
		{08E22A6E-503B-4E04-B374-EE6C89FAE4BF}.Release|Any CPU.ActiveCfg = Release|Any CPU
		{08E22A6E-503B-4E04-B374-EE6C89FAE4BF}.Release|Any CPU.Build.0 = Release|Any CPU
		{06498996-971E-469F-AA9E-6B18382AFBF9}.Debug|Any CPU.ActiveCfg = Debug|Any CPU
		{06498996-971E-469F-AA9E-6B18382AFBF9}.Debug|Any CPU.Build.0 = Debug|Any CPU
		{06498996-971E-469F-AA9E-6B18382AFBF9}.Release|Any CPU.ActiveCfg = Release|Any CPU
		{06498996-971E-469F-AA9E-6B18382AFBF9}.Release|Any CPU.Build.0 = Release|Any CPU
		{90F67404-517E-48DD-9518-52D86E19ED4C}.Debug|Any CPU.ActiveCfg = Debug|Any CPU
		{90F67404-517E-48DD-9518-52D86E19ED4C}.Debug|Any CPU.Build.0 = Debug|Any CPU
		{90F67404-517E-48DD-9518-52D86E19ED4C}.Release|Any CPU.ActiveCfg = Release|Any CPU
		{90F67404-517E-48DD-9518-52D86E19ED4C}.Release|Any CPU.Build.0 = Release|Any CPU
		{8431A78F-9FE8-46E4-AB53-66CCD173ED86}.Debug|Any CPU.ActiveCfg = Debug|Any CPU
		{8431A78F-9FE8-46E4-AB53-66CCD173ED86}.Debug|Any CPU.Build.0 = Debug|Any CPU
		{8431A78F-9FE8-46E4-AB53-66CCD173ED86}.Release|Any CPU.ActiveCfg = Release|Any CPU
		{8431A78F-9FE8-46E4-AB53-66CCD173ED86}.Release|Any CPU.Build.0 = Release|Any CPU
	EndGlobalSection
	GlobalSection(SolutionProperties) = preSolution
		HideSolutionNode = FALSE
	EndGlobalSection
	GlobalSection(NestedProjects) = preSolution
		{5397A338-8248-4DBC-91E7-83FAFE9A66A1} = {DD537008-92A8-445A-A099-2BDA33E2DAD4}
		{B024D904-49E5-472F-AFBA-6E7A46F724A6} = {1ED783FF-EB33-4253-B65E-1819C0B92CAA}
		{5CC0F66C-63D8-4D09-91A9-97CAFF22A4BA} = {1ED783FF-EB33-4253-B65E-1819C0B92CAA}
		{07C84EAA-B8BD-4729-9FE8-E1624AFF9C9E} = {1ED783FF-EB33-4253-B65E-1819C0B92CAA}
		{0D7CA202-C6E7-4E23-8C74-0932D788788D} = {1ED783FF-EB33-4253-B65E-1819C0B92CAA}
		{C4D51829-0A10-4307-A0C3-6E77033FB447} = {1ED783FF-EB33-4253-B65E-1819C0B92CAA}
		{AF4623F2-46F5-4095-A8BA-763C66025634} = {1ED783FF-EB33-4253-B65E-1819C0B92CAA}
		{11B26AC4-C494-4A56-A0C1-2184D4CBCA06} = {1ED783FF-EB33-4253-B65E-1819C0B92CAA}
		{5D7035A4-10E3-419D-98F3-A0E5829F6499} = {258FC7E8-17EB-4BA1-A675-8258029ED76E}
		{9886E431-0469-472E-9363-86C35246259D} = {DD537008-92A8-445A-A099-2BDA33E2DAD4}
		{84207B01-2D2D-460E-871B-7B694C72F0E9} = {5F687BB7-F1B8-4E36-BADF-4815B02691AD}
		{E5BA7557-98F2-4BB1-9DEA-5D0ABDFDC09A} = {258FC7E8-17EB-4BA1-A675-8258029ED76E}
		{2C71682C-280D-405A-A529-BF4257603ED2} = {258FC7E8-17EB-4BA1-A675-8258029ED76E}
		{1F8F916F-BD70-487E-85FE-F4CD84FE7208} = {258FC7E8-17EB-4BA1-A675-8258029ED76E}
		{66D7D5CB-EE7F-49AB-81B4-82630AE2EB5D} = {258FC7E8-17EB-4BA1-A675-8258029ED76E}
		{3FDAFDFD-498F-4B07-89BD-3624882B378C} = {258FC7E8-17EB-4BA1-A675-8258029ED76E}
		{E0649AFA-6A9B-4D64-85BC-2F359D659068} = {258FC7E8-17EB-4BA1-A675-8258029ED76E}
		{5BC3F7C2-EF2F-4E51-9B3E-437EBF920699} = {5F687BB7-F1B8-4E36-BADF-4815B02691AD}
		{4E26AA97-C9D1-4C9D-A551-7D1496087429} = {5F687BB7-F1B8-4E36-BADF-4815B02691AD}
		{ED0DF8AD-94D7-4835-96AA-85622E220BED} = {5F687BB7-F1B8-4E36-BADF-4815B02691AD}
		{AD244D78-6C84-4C38-A684-762A989B4A29} = {5F687BB7-F1B8-4E36-BADF-4815B02691AD}
		{58CFED3C-7565-4222-9E08-5C8B2AC02534} = {5F687BB7-F1B8-4E36-BADF-4815B02691AD}
		{3F59DEB1-E5B6-4480-807C-9422913339B9} = {5F687BB7-F1B8-4E36-BADF-4815B02691AD}
		{74A8FFDA-DCA1-4348-99B9-16967A23721D} = {29CF7F29-D42D-4444-B90A-71E1A8832C45}
		{F6A3227B-98D3-4443-967F-69B43BD325C8} = {5F687BB7-F1B8-4E36-BADF-4815B02691AD}
		{D3EB3293-B086-4CE2-A591-01F70FCCD117} = {5F687BB7-F1B8-4E36-BADF-4815B02691AD}
		{E0C60CD6-EC62-48FB-B293-905BB83AFDFD} = {29CF7F29-D42D-4444-B90A-71E1A8832C45}
		{FA67823E-74D3-4BB0-8409-563E5F493396} = {29CF7F29-D42D-4444-B90A-71E1A8832C45}
		{9440A7AA-6D8D-4870-BC81-3344F412B53B} = {29CF7F29-D42D-4444-B90A-71E1A8832C45}
		{60420DF5-1A59-41F7-9B2C-DF92141219B9} = {29CF7F29-D42D-4444-B90A-71E1A8832C45}
		{4709590C-A52A-402D-8A8B-639B2B7D255A} = {50A9EAD1-2E3C-43BD-A263-78AE608D96D5}
		{4F6F5079-4979-4E29-8DF7-CE42CBB3967F} = {50A9EAD1-2E3C-43BD-A263-78AE608D96D5}
		{8925E84A-1355-43C2-B030-98356CDEFB86} = {50A9EAD1-2E3C-43BD-A263-78AE608D96D5}
		{D7BA46DA-4B95-4608-ABB7-28100EBCFDAD} = {50A9EAD1-2E3C-43BD-A263-78AE608D96D5}
		{628F03CB-758C-4005-B89F-DE609F81E59C} = {633890D1-78CB-4834-8EC7-54D650DB1423}
		{35BBE26A-AA16-4599-8BF1-04BF0307B374} = {633890D1-78CB-4834-8EC7-54D650DB1423}
		{71FCDB4F-C2ED-45F8-B813-21CA216DF28F} = {213C900D-F454-4F56-ACBD-B9BEE5154A91}
		{56A4E057-D9F8-49B1-9918-FD16FD02FE12} = {213C900D-F454-4F56-ACBD-B9BEE5154A91}
		{31F5EA4E-3D6E-453B-BA65-27A1D5986327} = {213C900D-F454-4F56-ACBD-B9BEE5154A91}
		{71DE5B38-DBED-425A-9478-46C191C59AF0} = {213C900D-F454-4F56-ACBD-B9BEE5154A91}
		{C745E827-2C88-44B7-9DBC-9B3478258725} = {4A55A70C-5423-4151-B8BD-22674A5A0424}
		{FBB5ED15-7E6B-4C01-B92F-909FD1F91A89} = {4A55A70C-5423-4151-B8BD-22674A5A0424}
		{8C2885AB-F7CF-4FF0-B551-6970099EB34D} = {4A55A70C-5423-4151-B8BD-22674A5A0424}
		{E0E5D662-65B5-4EAC-84FC-D6B9422A20D7} = {4A55A70C-5423-4151-B8BD-22674A5A0424}
		{5F8D4128-5B8E-43A9-9A93-9ADB68526FE5} = {D3FF088A-519F-46F8-ADDE-7D595D9228C1}
		{1E90F461-0695-47EC-B726-72AD9155997E} = {80B88424-2406-4A45-8A35-0F3F28A98746}
		{FCD40E43-78CB-4258-A426-420CD21A075B} = {D3FF088A-519F-46F8-ADDE-7D595D9228C1}
		{D4A4BB89-0DC6-4B69-808D-411F672399C2} = {D3FF088A-519F-46F8-ADDE-7D595D9228C1}
		{08E22A6E-503B-4E04-B374-EE6C89FAE4BF} = {D3FF088A-519F-46F8-ADDE-7D595D9228C1}
		{06498996-971E-469F-AA9E-6B18382AFBF9} = {D3FF088A-519F-46F8-ADDE-7D595D9228C1}
		{90F67404-517E-48DD-9518-52D86E19ED4C} = {D3FF088A-519F-46F8-ADDE-7D595D9228C1}
		{8431A78F-9FE8-46E4-AB53-66CCD173ED86} = {D3FF088A-519F-46F8-ADDE-7D595D9228C1}
	EndGlobalSection
	GlobalSection(ExtensibilityGlobals) = postSolution
		SolutionGuid = {B14FD04B-CFB2-4D12-A016-0D121E6043BE}
	EndGlobalSection
EndGlobal
